
Microsoft Visual Studio Solution File, Format Version 12.00
# Visual Studio 15
VisualStudioVersion = 15.0.27703.2047
MinimumVisualStudioVersion = 10.0.40219.1
Project("{FAE04EC0-301F-11D3-BF4B-00C04F79EFBC}") = "Airport.Libraries", "Airport.Libraries\Airport.Libraries.csproj", "{22A422B5-AE5E-445B-975F-DD3C9DD85722}"
EndProject
Global
	GlobalSection(SolutionConfigurationPlatforms) = preSolution
		Debug|Any CPU = Debug|Any CPU
		Release|Any CPU = Release|Any CPU
	EndGlobalSection
	GlobalSection(ProjectConfigurationPlatforms) = postSolution
		{22A422B5-AE5E-445B-975F-DD3C9DD85722}.Debug|Any CPU.ActiveCfg = Debug|Any CPU
		{22A422B5-AE5E-445B-975F-DD3C9DD85722}.Debug|Any CPU.Build.0 = Debug|Any CPU
		{22A422B5-AE5E-445B-975F-DD3C9DD85722}.Release|Any CPU.ActiveCfg = Release|Any CPU
		{22A422B5-AE5E-445B-975F-DD3C9DD85722}.Release|Any CPU.Build.0 = Release|Any CPU
	EndGlobalSection
	GlobalSection(SolutionProperties) = preSolution
		HideSolutionNode = FALSE
	EndGlobalSection
	GlobalSection(ExtensibilityGlobals) = postSolution
		SolutionGuid = {B4CCF72C-69D7-4307-890B-AAE438DDCBEA}
	EndGlobalSection
EndGlobal
